
Microsoft Visual Studio Solution File, Format Version 12.00
# Visual Studio 15
VisualStudioVersion = 15.0.28307.1525
MinimumVisualStudioVersion = 10.0.40219.1
Project("{E24C65DC-7377-472B-9ABA-BC803B73C61A}") = "Template", "Template\", "{24D766F6-DB62-43C5-8868-2BFBF0F1F5B0}"
	ProjectSection(WebsiteProperties) = preProject
		TargetFrameworkMoniker = ".NETFramework,Version%3Dv4.0"
		Debug.AspNetCompiler.VirtualPath = "/localhost_52314"
		Debug.AspNetCompiler.PhysicalPath = "Template\"
		Debug.AspNetCompiler.TargetPath = "PrecompiledWeb\localhost_52314\"
		Debug.AspNetCompiler.Updateable = "true"
		Debug.AspNetCompiler.ForceOverwrite = "true"
		Debug.AspNetCompiler.FixedNames = "false"
		Debug.AspNetCompiler.Debug = "True"
		Release.AspNetCompiler.VirtualPath = "/localhost_52314"
		Release.AspNetCompiler.PhysicalPath = "Template\"
		Release.AspNetCompiler.TargetPath = "PrecompiledWeb\localhost_52314\"
		Release.AspNetCompiler.Updateable = "true"
		Release.AspNetCompiler.ForceOverwrite = "true"
		Release.AspNetCompiler.FixedNames = "false"
		Release.AspNetCompiler.Debug = "False"
		VWDPort = "52314"
		SlnRelativePath = "Template\"
		DefaultWebSiteLanguage = "Visual C#"
	EndProjectSection
EndProject
Global
	GlobalSection(SolutionConfigurationPlatforms) = preSolution
		Debug|Any CPU = Debug|Any CPU
	EndGlobalSection
	GlobalSection(ProjectConfigurationPlatforms) = postSolution
		{24D766F6-DB62-43C5-8868-2BFBF0F1F5B0}.Debug|Any CPU.ActiveCfg = Debug|Any CPU
		{24D766F6-DB62-43C5-8868-2BFBF0F1F5B0}.Debug|Any CPU.Build.0 = Debug|Any CPU
	EndGlobalSection
	GlobalSection(SolutionProperties) = preSolution
		HideSolutionNode = FALSE
	EndGlobalSection
	GlobalSection(ExtensibilityGlobals) = postSolution
		SolutionGuid = {89BAC657-08A2-4FD5-B69F-70F04D478E89}
	EndGlobalSection
EndGlobal
